
Microsoft Visual Studio Solution File, Format Version 12.00
# Visual Studio Version 16
VisualStudioVersion = 16.0.31624.102
MinimumVisualStudioVersion = 10.0.40219.1
Project("{2150E333-8FDC-42A3-9474-1A3956D46DE8}") = "001Array", "001Array", "{561B22C0-0B92-46A0-B581-FD6ECA33A21D}"
EndProject
Project("{9A19103F-16F7-4668-BE54-9A1E7A4F7556}") = "ConsoleAppArray", "001Array\ConsoleAppArray\ConsoleAppArray.csproj", "{7EA814AB-E093-4566-930E-FD3A03C47CEB}"
EndProject
Project("{9A19103F-16F7-4668-BE54-9A1E7A4F7556}") = "ArrayDataStructure", "001Array\DataStructureArray\ArrayDataStructure.csproj", "{58DACFB3-7E9D-4E10-A737-D5FCC16202C7}"
EndProject
Project("{9A19103F-16F7-4668-BE54-9A1E7A4F7556}") = "ArrayUnitTests", "001Array\ArrayUnitTests\ArrayUnitTests.csproj", "{E5F3A133-C46A-4C27-A2FF-683878DB82C3}"
EndProject
Project("{2150E333-8FDC-42A3-9474-1A3956D46DE8}") = "002LinkedList", "002LinkedList", "{6E8D9D6D-CFED-4017-A3C9-0AAFA81296BB}"
EndProject
Project("{9A19103F-16F7-4668-BE54-9A1E7A4F7556}") = "LinkedListUnitTests", "002LinkedList\LinkedListUnitTests\LinkedListUnitTests.csproj", "{A682646D-BC2B-43ED-8B6E-4084617877E1}"
EndProject
Project("{9A19103F-16F7-4668-BE54-9A1E7A4F7556}") = "ConsoleAppLinkedList", "002LinkedList\ConsoleAppLinkedList\ConsoleAppLinkedList.csproj", "{1170FC5F-1610-4D1A-A03F-7E7E6CDDAD91}"
EndProject
Project("{9A19103F-16F7-4668-BE54-9A1E7A4F7556}") = "LinkedListDataStructure", "002LinkedList\LinkedListDataStructure\LinkedListDataStructure.csproj", "{C58D98B8-C3D3-4BE0-BE94-5733C7D3B5C9}"
EndProject
Project("{2150E333-8FDC-42A3-9474-1A3956D46DE8}") = "003Stack", "003Stack", "{E10AC498-959D-4717-8645-C6A5B7AEF0D1}"
EndProject
Project("{9A19103F-16F7-4668-BE54-9A1E7A4F7556}") = "StackDataStructure", "003Stack\StackDataStructure\StackDataStructure.csproj", "{BC173451-6E93-4B37-A06F-C063984D4840}"
EndProject
Project("{9A19103F-16F7-4668-BE54-9A1E7A4F7556}") = "StackUnitTests", "003Stack\StackUnitTests\StackUnitTests.csproj", "{4F1DA919-CFDA-4B90-978B-A062BFBA1FC3}"
EndProject
Project("{9A19103F-16F7-4668-BE54-9A1E7A4F7556}") = "ConsoleAppStack", "003Stack\ConsoleAppStack\ConsoleAppStack.csproj", "{0C2AADF6-C7F5-44A8-BFE5-695F258D677E}"
EndProject
Project("{2150E333-8FDC-42A3-9474-1A3956D46DE8}") = "004Queue", "004Queue", "{8AADF4FE-AB0D-4132-97F2-BBCCE757D0B7}"
EndProject
Project("{9A19103F-16F7-4668-BE54-9A1E7A4F7556}") = "ConsoleAppQueue", "004Queue\ConsoleAppQueue\ConsoleAppQueue.csproj", "{EF10AA96-9695-40FA-9BEC-F59035CEC780}"
EndProject
Project("{9A19103F-16F7-4668-BE54-9A1E7A4F7556}") = "QueueDataStructure", "004Queue\QueueDataStructure\QueueDataStructure.csproj", "{E32D5CF2-5A98-4D82-B5A8-ED9C505FAB28}"
EndProject
Project("{9A19103F-16F7-4668-BE54-9A1E7A4F7556}") = "QueueUnitTests", "004Queue\QueueUnitTests\QueueUnitTests.csproj", "{01B2783D-1156-413E-B3BA-16D21823CA6E}"
EndProject
Project("{2150E333-8FDC-42A3-9474-1A3956D46DE8}") = "005HashTable", "005HashTable", "{5FE959AE-975F-40A0-913D-B3CF33C00016}"
EndProject
Project("{FAE04EC0-301F-11D3-BF4B-00C04F79EFBC}") = "ConsoleAppHashTable", "005HashTable\ConsoleAppHashTable\ConsoleAppHashTable.csproj", "{F357A9B3-0C89-4621-873F-5B4EFA9E0521}"
EndProject
Project("{FAE04EC0-301F-11D3-BF4B-00C04F79EFBC}") = "HashTableDataStructure", "005HashTable\HashTableDataStructure\HashTableDataStructure.csproj", "{C11B3473-D538-4BC0-8BD7-CF93CC73EC3E}"
EndProject
Project("{FAE04EC0-301F-11D3-BF4B-00C04F79EFBC}") = "HashTableUnitTests", "HashTableUnitTests\HashTableUnitTests.csproj", "{0653C023-B9B1-4BB1-83E5-75DDEC4314D3}"
EndProject
Global
	GlobalSection(SolutionConfigurationPlatforms) = preSolution
		Debug|Any CPU = Debug|Any CPU
		Release|Any CPU = Release|Any CPU
	EndGlobalSection
	GlobalSection(ProjectConfigurationPlatforms) = postSolution
		{7EA814AB-E093-4566-930E-FD3A03C47CEB}.Debug|Any CPU.ActiveCfg = Debug|Any CPU
		{7EA814AB-E093-4566-930E-FD3A03C47CEB}.Debug|Any CPU.Build.0 = Debug|Any CPU
		{7EA814AB-E093-4566-930E-FD3A03C47CEB}.Release|Any CPU.ActiveCfg = Release|Any CPU
		{7EA814AB-E093-4566-930E-FD3A03C47CEB}.Release|Any CPU.Build.0 = Release|Any CPU
		{58DACFB3-7E9D-4E10-A737-D5FCC16202C7}.Debug|Any CPU.ActiveCfg = Debug|Any CPU
		{58DACFB3-7E9D-4E10-A737-D5FCC16202C7}.Debug|Any CPU.Build.0 = Debug|Any CPU
		{58DACFB3-7E9D-4E10-A737-D5FCC16202C7}.Release|Any CPU.ActiveCfg = Release|Any CPU
		{58DACFB3-7E9D-4E10-A737-D5FCC16202C7}.Release|Any CPU.Build.0 = Release|Any CPU
		{E5F3A133-C46A-4C27-A2FF-683878DB82C3}.Debug|Any CPU.ActiveCfg = Debug|Any CPU
		{E5F3A133-C46A-4C27-A2FF-683878DB82C3}.Debug|Any CPU.Build.0 = Debug|Any CPU
		{E5F3A133-C46A-4C27-A2FF-683878DB82C3}.Release|Any CPU.ActiveCfg = Release|Any CPU
		{E5F3A133-C46A-4C27-A2FF-683878DB82C3}.Release|Any CPU.Build.0 = Release|Any CPU
		{A682646D-BC2B-43ED-8B6E-4084617877E1}.Debug|Any CPU.ActiveCfg = Debug|Any CPU
		{A682646D-BC2B-43ED-8B6E-4084617877E1}.Debug|Any CPU.Build.0 = Debug|Any CPU
		{A682646D-BC2B-43ED-8B6E-4084617877E1}.Release|Any CPU.ActiveCfg = Release|Any CPU
		{A682646D-BC2B-43ED-8B6E-4084617877E1}.Release|Any CPU.Build.0 = Release|Any CPU
		{1170FC5F-1610-4D1A-A03F-7E7E6CDDAD91}.Debug|Any CPU.ActiveCfg = Debug|Any CPU
		{1170FC5F-1610-4D1A-A03F-7E7E6CDDAD91}.Debug|Any CPU.Build.0 = Debug|Any CPU
		{1170FC5F-1610-4D1A-A03F-7E7E6CDDAD91}.Release|Any CPU.ActiveCfg = Release|Any CPU
		{1170FC5F-1610-4D1A-A03F-7E7E6CDDAD91}.Release|Any CPU.Build.0 = Release|Any CPU
		{C58D98B8-C3D3-4BE0-BE94-5733C7D3B5C9}.Debug|Any CPU.ActiveCfg = Debug|Any CPU
		{C58D98B8-C3D3-4BE0-BE94-5733C7D3B5C9}.Debug|Any CPU.Build.0 = Debug|Any CPU
		{C58D98B8-C3D3-4BE0-BE94-5733C7D3B5C9}.Release|Any CPU.ActiveCfg = Release|Any CPU
		{C58D98B8-C3D3-4BE0-BE94-5733C7D3B5C9}.Release|Any CPU.Build.0 = Release|Any CPU
		{BC173451-6E93-4B37-A06F-C063984D4840}.Debug|Any CPU.ActiveCfg = Debug|Any CPU
		{BC173451-6E93-4B37-A06F-C063984D4840}.Debug|Any CPU.Build.0 = Debug|Any CPU
		{BC173451-6E93-4B37-A06F-C063984D4840}.Release|Any CPU.ActiveCfg = Release|Any CPU
		{BC173451-6E93-4B37-A06F-C063984D4840}.Release|Any CPU.Build.0 = Release|Any CPU
		{4F1DA919-CFDA-4B90-978B-A062BFBA1FC3}.Debug|Any CPU.ActiveCfg = Debug|Any CPU
		{4F1DA919-CFDA-4B90-978B-A062BFBA1FC3}.Debug|Any CPU.Build.0 = Debug|Any CPU
		{4F1DA919-CFDA-4B90-978B-A062BFBA1FC3}.Release|Any CPU.ActiveCfg = Release|Any CPU
		{4F1DA919-CFDA-4B90-978B-A062BFBA1FC3}.Release|Any CPU.Build.0 = Release|Any CPU
		{0C2AADF6-C7F5-44A8-BFE5-695F258D677E}.Debug|Any CPU.ActiveCfg = Debug|Any CPU
		{0C2AADF6-C7F5-44A8-BFE5-695F258D677E}.Debug|Any CPU.Build.0 = Debug|Any CPU
		{0C2AADF6-C7F5-44A8-BFE5-695F258D677E}.Release|Any CPU.ActiveCfg = Release|Any CPU
		{0C2AADF6-C7F5-44A8-BFE5-695F258D677E}.Release|Any CPU.Build.0 = Release|Any CPU
		{EF10AA96-9695-40FA-9BEC-F59035CEC780}.Debug|Any CPU.ActiveCfg = Debug|Any CPU
		{EF10AA96-9695-40FA-9BEC-F59035CEC780}.Debug|Any CPU.Build.0 = Debug|Any CPU
		{EF10AA96-9695-40FA-9BEC-F59035CEC780}.Release|Any CPU.ActiveCfg = Release|Any CPU
		{EF10AA96-9695-40FA-9BEC-F59035CEC780}.Release|Any CPU.Build.0 = Release|Any CPU
		{E32D5CF2-5A98-4D82-B5A8-ED9C505FAB28}.Debug|Any CPU.ActiveCfg = Debug|Any CPU
		{E32D5CF2-5A98-4D82-B5A8-ED9C505FAB28}.Debug|Any CPU.Build.0 = Debug|Any CPU
		{E32D5CF2-5A98-4D82-B5A8-ED9C505FAB28}.Release|Any CPU.ActiveCfg = Release|Any CPU
		{E32D5CF2-5A98-4D82-B5A8-ED9C505FAB28}.Release|Any CPU.Build.0 = Release|Any CPU
		{01B2783D-1156-413E-B3BA-16D21823CA6E}.Debug|Any CPU.ActiveCfg = Debug|Any CPU
		{01B2783D-1156-413E-B3BA-16D21823CA6E}.Debug|Any CPU.Build.0 = Debug|Any CPU
		{01B2783D-1156-413E-B3BA-16D21823CA6E}.Release|Any CPU.ActiveCfg = Release|Any CPU
		{01B2783D-1156-413E-B3BA-16D21823CA6E}.Release|Any CPU.Build.0 = Release|Any CPU
		{F357A9B3-0C89-4621-873F-5B4EFA9E0521}.Debug|Any CPU.ActiveCfg = Debug|Any CPU
		{F357A9B3-0C89-4621-873F-5B4EFA9E0521}.Debug|Any CPU.Build.0 = Debug|Any CPU
		{F357A9B3-0C89-4621-873F-5B4EFA9E0521}.Release|Any CPU.ActiveCfg = Release|Any CPU
		{F357A9B3-0C89-4621-873F-5B4EFA9E0521}.Release|Any CPU.Build.0 = Release|Any CPU
		{C11B3473-D538-4BC0-8BD7-CF93CC73EC3E}.Debug|Any CPU.ActiveCfg = Debug|Any CPU
		{C11B3473-D538-4BC0-8BD7-CF93CC73EC3E}.Debug|Any CPU.Build.0 = Debug|Any CPU
		{C11B3473-D538-4BC0-8BD7-CF93CC73EC3E}.Release|Any CPU.ActiveCfg = Release|Any CPU
		{C11B3473-D538-4BC0-8BD7-CF93CC73EC3E}.Release|Any CPU.Build.0 = Release|Any CPU
		{0653C023-B9B1-4BB1-83E5-75DDEC4314D3}.Debug|Any CPU.ActiveCfg = Debug|Any CPU
		{0653C023-B9B1-4BB1-83E5-75DDEC4314D3}.Debug|Any CPU.Build.0 = Debug|Any CPU
		{0653C023-B9B1-4BB1-83E5-75DDEC4314D3}.Release|Any CPU.ActiveCfg = Release|Any CPU
		{0653C023-B9B1-4BB1-83E5-75DDEC4314D3}.Release|Any CPU.Build.0 = Release|Any CPU
	EndGlobalSection
	GlobalSection(SolutionProperties) = preSolution
		HideSolutionNode = FALSE
	EndGlobalSection
	GlobalSection(NestedProjects) = preSolution
		{7EA814AB-E093-4566-930E-FD3A03C47CEB} = {561B22C0-0B92-46A0-B581-FD6ECA33A21D}
		{58DACFB3-7E9D-4E10-A737-D5FCC16202C7} = {561B22C0-0B92-46A0-B581-FD6ECA33A21D}
		{E5F3A133-C46A-4C27-A2FF-683878DB82C3} = {561B22C0-0B92-46A0-B581-FD6ECA33A21D}
		{A682646D-BC2B-43ED-8B6E-4084617877E1} = {6E8D9D6D-CFED-4017-A3C9-0AAFA81296BB}
		{1170FC5F-1610-4D1A-A03F-7E7E6CDDAD91} = {6E8D9D6D-CFED-4017-A3C9-0AAFA81296BB}
		{C58D98B8-C3D3-4BE0-BE94-5733C7D3B5C9} = {6E8D9D6D-CFED-4017-A3C9-0AAFA81296BB}
		{BC173451-6E93-4B37-A06F-C063984D4840} = {E10AC498-959D-4717-8645-C6A5B7AEF0D1}
		{4F1DA919-CFDA-4B90-978B-A062BFBA1FC3} = {E10AC498-959D-4717-8645-C6A5B7AEF0D1}
		{0C2AADF6-C7F5-44A8-BFE5-695F258D677E} = {E10AC498-959D-4717-8645-C6A5B7AEF0D1}
		{EF10AA96-9695-40FA-9BEC-F59035CEC780} = {8AADF4FE-AB0D-4132-97F2-BBCCE757D0B7}
		{E32D5CF2-5A98-4D82-B5A8-ED9C505FAB28} = {8AADF4FE-AB0D-4132-97F2-BBCCE757D0B7}
		{01B2783D-1156-413E-B3BA-16D21823CA6E} = {8AADF4FE-AB0D-4132-97F2-BBCCE757D0B7}
		{F357A9B3-0C89-4621-873F-5B4EFA9E0521} = {5FE959AE-975F-40A0-913D-B3CF33C00016}
		{C11B3473-D538-4BC0-8BD7-CF93CC73EC3E} = {5FE959AE-975F-40A0-913D-B3CF33C00016}
		{0653C023-B9B1-4BB1-83E5-75DDEC4314D3} = {5FE959AE-975F-40A0-913D-B3CF33C00016}
	EndGlobalSection
	GlobalSection(ExtensibilityGlobals) = postSolution
		SolutionGuid = {86E0DEFE-9368-4129-9D36-E86F52FF746F}
	EndGlobalSection
EndGlobal
