
Microsoft Visual Studio Solution File, Format Version 12.00
# Visual Studio Version 16
VisualStudioVersion = 16.0.31624.102
MinimumVisualStudioVersion = 10.0.40219.1
Project("{2150E333-8FDC-42A3-9474-1A3956D46DE8}") = "001Array", "001Array", "{561B22C0-0B92-46A0-B581-FD6ECA33A21D}"
EndProject
Project("{FAE04EC0-301F-11D3-BF4B-00C04F79EFBC}") = "ConsoleAppArray", "001Array\ConsoleAppArray\ConsoleAppArray.csproj", "{7EA814AB-E093-4566-930E-FD3A03C47CEB}"
EndProject
Project("{FAE04EC0-301F-11D3-BF4B-00C04F79EFBC}") = "DataStructureArray", "001Array\DataStructureArray\DataStructureArray.csproj", "{58DACFB3-7E9D-4E10-A737-D5FCC16202C7}"
EndProject
Global
	GlobalSection(SolutionConfigurationPlatforms) = preSolution
		Debug|Any CPU = Debug|Any CPU
		Release|Any CPU = Release|Any CPU
	EndGlobalSection
	GlobalSection(ProjectConfigurationPlatforms) = postSolution
		{7EA814AB-E093-4566-930E-FD3A03C47CEB}.Debug|Any CPU.ActiveCfg = Debug|Any CPU
		{7EA814AB-E093-4566-930E-FD3A03C47CEB}.Debug|Any CPU.Build.0 = Debug|Any CPU
		{7EA814AB-E093-4566-930E-FD3A03C47CEB}.Release|Any CPU.ActiveCfg = Release|Any CPU
		{7EA814AB-E093-4566-930E-FD3A03C47CEB}.Release|Any CPU.Build.0 = Release|Any CPU
		{58DACFB3-7E9D-4E10-A737-D5FCC16202C7}.Debug|Any CPU.ActiveCfg = Debug|Any CPU
		{58DACFB3-7E9D-4E10-A737-D5FCC16202C7}.Debug|Any CPU.Build.0 = Debug|Any CPU
		{58DACFB3-7E9D-4E10-A737-D5FCC16202C7}.Release|Any CPU.ActiveCfg = Release|Any CPU
		{58DACFB3-7E9D-4E10-A737-D5FCC16202C7}.Release|Any CPU.Build.0 = Release|Any CPU
	EndGlobalSection
	GlobalSection(SolutionProperties) = preSolution
		HideSolutionNode = FALSE
	EndGlobalSection
	GlobalSection(NestedProjects) = preSolution
		{7EA814AB-E093-4566-930E-FD3A03C47CEB} = {561B22C0-0B92-46A0-B581-FD6ECA33A21D}
		{58DACFB3-7E9D-4E10-A737-D5FCC16202C7} = {561B22C0-0B92-46A0-B581-FD6ECA33A21D}
	EndGlobalSection
	GlobalSection(ExtensibilityGlobals) = postSolution
		SolutionGuid = {86E0DEFE-9368-4129-9D36-E86F52FF746F}
	EndGlobalSection
EndGlobal
